// !$*UTF8*$!
{
	archiveVersion = 1;
	classes = {
	};
	objectVersion = 46;
	objects = {

/* Begin PBXBuildFile section */
		0417E99A1DC5C71300ED375D /* DYCollectionCycleCell.swift in Sources */ = {isa = PBXBuildFile; fileRef = 0417E9981DC5C71300ED375D /* DYCollectionCycleCell.swift */; };
		0417E99B1DC5C71400ED375D /* DYCollectionCycleCell.xib in Resources */ = {isa = PBXBuildFile; fileRef = 0417E9991DC5C71300ED375D /* DYCollectionCycleCell.xib */; };
		0417E99D1DC5D67700ED375D /* DYRecommendGameView.swift in Sources */ = {isa = PBXBuildFile; fileRef = 0417E99C1DC5D67700ED375D /* DYRecommendGameView.swift */; };
		0417E99F1DC5D69700ED375D /* DYRecommendGameView.xib in Resources */ = {isa = PBXBuildFile; fileRef = 0417E99E1DC5D69700ED375D /* DYRecommendGameView.xib */; };
		04465F551DB89CEC00ECFF66 /* Home.storyboard in Resources */ = {isa = PBXBuildFile; fileRef = 04465F531DB89CEC00ECFF66 /* Home.storyboard */; };
		04465F581DB89DDB00ECFF66 /* Live.storyboard in Resources */ = {isa = PBXBuildFile; fileRef = 04465F561DB89DDB00ECFF66 /* Live.storyboard */; };
		04465F5B1DB89E0000ECFF66 /* Follow.storyboard in Resources */ = {isa = PBXBuildFile; fileRef = 04465F591DB89E0000ECFF66 /* Follow.storyboard */; };
		04465F5E1DB89E2000ECFF66 /* Profile.storyboard in Resources */ = {isa = PBXBuildFile; fileRef = 04465F5C1DB89E2000ECFF66 /* Profile.storyboard */; };
		04465F601DB8A14300ECFF66 /* DYMainViewController.swift in Sources */ = {isa = PBXBuildFile; fileRef = 04465F5F1DB8A14300ECFF66 /* DYMainViewController.swift */; };
		04465F621DB8B04000ECFF66 /* DYHomeViewController.swift in Sources */ = {isa = PBXBuildFile; fileRef = 04465F611DB8B04000ECFF66 /* DYHomeViewController.swift */; };
		04465F681DB8C04600ECFF66 /* UIBarButtonItem-Extension.swift in Sources */ = {isa = PBXBuildFile; fileRef = 04465F671DB8C04600ECFF66 /* UIBarButtonItem-Extension.swift */; };
		0448DCD81DC0ECB000E6802B /* DYRecommendController.swift in Sources */ = {isa = PBXBuildFile; fileRef = 0448DCD71DC0ECB000E6802B /* DYRecommendController.swift */; };
		0448DCDB1DC1070700E6802B /* DYHeaderCollectionReusableView.swift in Sources */ = {isa = PBXBuildFile; fileRef = 0448DCD91DC1070600E6802B /* DYHeaderCollectionReusableView.swift */; };
		0448DCDC1DC1070700E6802B /* DYHeaderCollectionReusableView.xib in Resources */ = {isa = PBXBuildFile; fileRef = 0448DCDA1DC1070600E6802B /* DYHeaderCollectionReusableView.xib */; };
		046831E21DC49172003E5D6E /* NSDate-Extension.swift in Sources */ = {isa = PBXBuildFile; fileRef = 046831E11DC49172003E5D6E /* NSDate-Extension.swift */; };
		046831E41DC4A633003E5D6E /* DYAnchorGroupItem.swift in Sources */ = {isa = PBXBuildFile; fileRef = 046831E31DC4A632003E5D6E /* DYAnchorGroupItem.swift */; };
		046831E61DC4AD6E003E5D6E /* DYAnchorItem.swift in Sources */ = {isa = PBXBuildFile; fileRef = 046831E51DC4AD6E003E5D6E /* DYAnchorItem.swift */; };
		046831EA1DC59600003E5D6E /* DYRecommendCycleView.swift in Sources */ = {isa = PBXBuildFile; fileRef = 046831E91DC59600003E5D6E /* DYRecommendCycleView.swift */; };
		046831EE1DC59676003E5D6E /* DYRecommendCycleView.xib in Resources */ = {isa = PBXBuildFile; fileRef = 046831ED1DC59676003E5D6E /* DYRecommendCycleView.xib */; };
		046831F01DC5A767003E5D6E /* DYCycleItem.swift in Sources */ = {isa = PBXBuildFile; fileRef = 046831EF1DC5A767003E5D6E /* DYCycleItem.swift */; };
		048625CD1DB798B600596733 /* AppDelegate.swift in Sources */ = {isa = PBXBuildFile; fileRef = 048625CC1DB798B600596733 /* AppDelegate.swift */; };
		048625D21DB798B700596733 /* Main.storyboard in Resources */ = {isa = PBXBuildFile; fileRef = 048625D01DB798B700596733 /* Main.storyboard */; };
		048625D41DB798B700596733 /* Assets.xcassets in Resources */ = {isa = PBXBuildFile; fileRef = 048625D31DB798B700596733 /* Assets.xcassets */; };
		048625D71DB798B700596733 /* LaunchScreen.storyboard in Resources */ = {isa = PBXBuildFile; fileRef = 048625D51DB798B700596733 /* LaunchScreen.storyboard */; };
		048625E21DB798B700596733 /* DYZBTests.swift in Sources */ = {isa = PBXBuildFile; fileRef = 048625E11DB798B700596733 /* DYZBTests.swift */; };
		048625ED1DB798B700596733 /* DYZBUITests.swift in Sources */ = {isa = PBXBuildFile; fileRef = 048625EC1DB798B700596733 /* DYZBUITests.swift */; };
		04A97C221DB8EBFD00087920 /* DYPageTitleView.swift in Sources */ = {isa = PBXBuildFile; fileRef = 04A97C211DB8EBFD00087920 /* DYPageTitleView.swift */; };
		04A97C241DB8F58300087920 /* Common.swift in Sources */ = {isa = PBXBuildFile; fileRef = 04A97C231DB8F58300087920 /* Common.swift */; };
		04D8001E1DC1DC4000DDBC75 /* DYNormalCollectionViewCell.swift in Sources */ = {isa = PBXBuildFile; fileRef = 04D8001C1DC1DC3F00DDBC75 /* DYNormalCollectionViewCell.swift */; };
		04D8001F1DC1DC4000DDBC75 /* DYNormalCollectionViewCell.xib in Resources */ = {isa = PBXBuildFile; fileRef = 04D8001D1DC1DC4000DDBC75 /* DYNormalCollectionViewCell.xib */; };
		04D800221DC1E64700DDBC75 /* DYPrettyCollectionViewCell.swift in Sources */ = {isa = PBXBuildFile; fileRef = 04D800201DC1E64700DDBC75 /* DYPrettyCollectionViewCell.swift */; };
		04D800231DC1E64700DDBC75 /* DYPrettyCollectionViewCell.xib in Resources */ = {isa = PBXBuildFile; fileRef = 04D800211DC1E64700DDBC75 /* DYPrettyCollectionViewCell.xib */; };
		04D800261DC1F9C200DDBC75 /* DYNetWorksTools.swift in Sources */ = {isa = PBXBuildFile; fileRef = 04D800251DC1F9C200DDBC75 /* DYNetWorksTools.swift */; };
		04D800291DC203E100DDBC75 /* DYRecommendViewModel.swift in Sources */ = {isa = PBXBuildFile; fileRef = 04D800281DC203E100DDBC75 /* DYRecommendViewModel.swift */; };
		04FDC3201DBCB5AE00BD4C39 /* DYPageContentView.swift in Sources */ = {isa = PBXBuildFile; fileRef = 04FDC31F1DBCB5AD00BD4C39 /* DYPageContentView.swift */; };
		04FDC3221DBCBF9100BD4C39 /* UIColor-Extension.swift in Sources */ = {isa = PBXBuildFile; fileRef = 04FDC3211DBCBF9100BD4C39 /* UIColor-Extension.swift */; };
		AE5BD59C2B676E41D4D16DE5 /* Pods_DYZB.framework in Frameworks */ = {isa = PBXBuildFile; fileRef = 1C72586DD23D9CC354F44E47 /* Pods_DYZB.framework */; };
/* End PBXBuildFile section */

/* Begin PBXContainerItemProxy section */
		048625DE1DB798B700596733 /* PBXContainerItemProxy */ = {
			isa = PBXContainerItemProxy;
			containerPortal = 048625C11DB798B600596733 /* Project object */;
			proxyType = 1;
			remoteGlobalIDString = 048625C81DB798B600596733;
			remoteInfo = DYZB;
		};
		048625E91DB798B700596733 /* PBXContainerItemProxy */ = {
			isa = PBXContainerItemProxy;
			containerPortal = 048625C11DB798B600596733 /* Project object */;
			proxyType = 1;
			remoteGlobalIDString = 048625C81DB798B600596733;
			remoteInfo = DYZB;
		};
/* End PBXContainerItemProxy section */

/* Begin PBXFileReference section */
		0417E9981DC5C71300ED375D /* DYCollectionCycleCell.swift */ = {isa = PBXFileReference; fileEncoding = 4; lastKnownFileType = sourcecode.swift; path = DYCollectionCycleCell.swift; sourceTree = "<group>"; };
		0417E9991DC5C71300ED375D /* DYCollectionCycleCell.xib */ = {isa = PBXFileReference; fileEncoding = 4; lastKnownFileType = file.xib; path = DYCollectionCycleCell.xib; sourceTree = "<group>"; };
		0417E99C1DC5D67700ED375D /* DYRecommendGameView.swift */ = {isa = PBXFileReference; fileEncoding = 4; lastKnownFileType = sourcecode.swift; path = DYRecommendGameView.swift; sourceTree = "<group>"; };
		0417E99E1DC5D69700ED375D /* DYRecommendGameView.xib */ = {isa = PBXFileReference; fileEncoding = 4; lastKnownFileType = file.xib; path = DYRecommendGameView.xib; sourceTree = "<group>"; };
		04465F541DB89CEC00ECFF66 /* Base */ = {isa = PBXFileReference; lastKnownFileType = file.storyboard; name = Base; path = DYZB/Base.lproj/Home.storyboard; sourceTree = SOURCE_ROOT; };
		04465F571DB89DDB00ECFF66 /* Base */ = {isa = PBXFileReference; lastKnownFileType = file.storyboard; name = Base; path = DYZB/Base.lproj/Live.storyboard; sourceTree = SOURCE_ROOT; };
		04465F5A1DB89E0000ECFF66 /* Base */ = {isa = PBXFileReference; lastKnownFileType = file.storyboard; name = Base; path = DYZB/Base.lproj/Follow.storyboard; sourceTree = SOURCE_ROOT; };
		04465F5D1DB89E2000ECFF66 /* Base */ = {isa = PBXFileReference; lastKnownFileType = file.storyboard; name = Base; path = DYZB/Base.lproj/Profile.storyboard; sourceTree = SOURCE_ROOT; };
		04465F5F1DB8A14300ECFF66 /* DYMainViewController.swift */ = {isa = PBXFileReference; fileEncoding = 4; lastKnownFileType = sourcecode.swift; path = DYMainViewController.swift; sourceTree = "<group>"; };
		04465F611DB8B04000ECFF66 /* DYHomeViewController.swift */ = {isa = PBXFileReference; fileEncoding = 4; lastKnownFileType = sourcecode.swift; path = DYHomeViewController.swift; sourceTree = "<group>"; };
		04465F671DB8C04600ECFF66 /* UIBarButtonItem-Extension.swift */ = {isa = PBXFileReference; fileEncoding = 4; lastKnownFileType = sourcecode.swift; path = "UIBarButtonItem-Extension.swift"; sourceTree = "<group>"; };
		0448DCD71DC0ECB000E6802B /* DYRecommendController.swift */ = {isa = PBXFileReference; fileEncoding = 4; lastKnownFileType = sourcecode.swift; path = DYRecommendController.swift; sourceTree = "<group>"; };
		0448DCD91DC1070600E6802B /* DYHeaderCollectionReusableView.swift */ = {isa = PBXFileReference; fileEncoding = 4; lastKnownFileType = sourcecode.swift; path = DYHeaderCollectionReusableView.swift; sourceTree = "<group>"; };
		0448DCDA1DC1070600E6802B /* DYHeaderCollectionReusableView.xib */ = {isa = PBXFileReference; fileEncoding = 4; lastKnownFileType = file.xib; path = DYHeaderCollectionReusableView.xib; sourceTree = "<group>"; };
		046831E11DC49172003E5D6E /* NSDate-Extension.swift */ = {isa = PBXFileReference; fileEncoding = 4; lastKnownFileType = sourcecode.swift; path = "NSDate-Extension.swift"; sourceTree = "<group>"; };
		046831E31DC4A632003E5D6E /* DYAnchorGroupItem.swift */ = {isa = PBXFileReference; fileEncoding = 4; lastKnownFileType = sourcecode.swift; path = DYAnchorGroupItem.swift; sourceTree = "<group>"; };
		046831E51DC4AD6E003E5D6E /* DYAnchorItem.swift */ = {isa = PBXFileReference; fileEncoding = 4; lastKnownFileType = sourcecode.swift; path = DYAnchorItem.swift; sourceTree = "<group>"; };
		046831E91DC59600003E5D6E /* DYRecommendCycleView.swift */ = {isa = PBXFileReference; fileEncoding = 4; lastKnownFileType = sourcecode.swift; path = DYRecommendCycleView.swift; sourceTree = "<group>"; };
		046831ED1DC59676003E5D6E /* DYRecommendCycleView.xib */ = {isa = PBXFileReference; fileEncoding = 4; lastKnownFileType = file.xib; path = DYRecommendCycleView.xib; sourceTree = "<group>"; };
		046831EF1DC5A767003E5D6E /* DYCycleItem.swift */ = {isa = PBXFileReference; fileEncoding = 4; lastKnownFileType = sourcecode.swift; path = DYCycleItem.swift; sourceTree = "<group>"; };
		048625C91DB798B600596733 /* DYZB.app */ = {isa = PBXFileReference; explicitFileType = wrapper.application; includeInIndex = 0; path = DYZB.app; sourceTree = BUILT_PRODUCTS_DIR; };
		048625CC1DB798B600596733 /* AppDelegate.swift */ = {isa = PBXFileReference; lastKnownFileType = sourcecode.swift; path = AppDelegate.swift; sourceTree = "<group>"; };
		048625D11DB798B700596733 /* Base */ = {isa = PBXFileReference; lastKnownFileType = file.storyboard; name = Base; path = Base.lproj/Main.storyboard; sourceTree = "<group>"; };
		048625D31DB798B700596733 /* Assets.xcassets */ = {isa = PBXFileReference; lastKnownFileType = folder.assetcatalog; path = Assets.xcassets; sourceTree = "<group>"; };
		048625D61DB798B700596733 /* Base */ = {isa = PBXFileReference; lastKnownFileType = file.storyboard; name = Base; path = Base.lproj/LaunchScreen.storyboard; sourceTree = "<group>"; };
		048625D81DB798B700596733 /* Info.plist */ = {isa = PBXFileReference; lastKnownFileType = text.plist.xml; path = Info.plist; sourceTree = "<group>"; };
		048625DD1DB798B700596733 /* DYZBTests.xctest */ = {isa = PBXFileReference; explicitFileType = wrapper.cfbundle; includeInIndex = 0; path = DYZBTests.xctest; sourceTree = BUILT_PRODUCTS_DIR; };
		048625E11DB798B700596733 /* DYZBTests.swift */ = {isa = PBXFileReference; lastKnownFileType = sourcecode.swift; path = DYZBTests.swift; sourceTree = "<group>"; };
		048625E31DB798B700596733 /* Info.plist */ = {isa = PBXFileReference; lastKnownFileType = text.plist.xml; path = Info.plist; sourceTree = "<group>"; };
		048625E81DB798B700596733 /* DYZBUITests.xctest */ = {isa = PBXFileReference; explicitFileType = wrapper.cfbundle; includeInIndex = 0; path = DYZBUITests.xctest; sourceTree = BUILT_PRODUCTS_DIR; };
		048625EC1DB798B700596733 /* DYZBUITests.swift */ = {isa = PBXFileReference; lastKnownFileType = sourcecode.swift; path = DYZBUITests.swift; sourceTree = "<group>"; };
		048625EE1DB798B700596733 /* Info.plist */ = {isa = PBXFileReference; lastKnownFileType = text.plist.xml; path = Info.plist; sourceTree = "<group>"; };
		04A97C211DB8EBFD00087920 /* DYPageTitleView.swift */ = {isa = PBXFileReference; fileEncoding = 4; lastKnownFileType = sourcecode.swift; path = DYPageTitleView.swift; sourceTree = "<group>"; };
		04A97C231DB8F58300087920 /* Common.swift */ = {isa = PBXFileReference; fileEncoding = 4; lastKnownFileType = sourcecode.swift; path = Common.swift; sourceTree = "<group>"; };
		04D8001C1DC1DC3F00DDBC75 /* DYNormalCollectionViewCell.swift */ = {isa = PBXFileReference; fileEncoding = 4; lastKnownFileType = sourcecode.swift; path = DYNormalCollectionViewCell.swift; sourceTree = "<group>"; };
		04D8001D1DC1DC4000DDBC75 /* DYNormalCollectionViewCell.xib */ = {isa = PBXFileReference; fileEncoding = 4; lastKnownFileType = file.xib; path = DYNormalCollectionViewCell.xib; sourceTree = "<group>"; };
		04D800201DC1E64700DDBC75 /* DYPrettyCollectionViewCell.swift */ = {isa = PBXFileReference; fileEncoding = 4; lastKnownFileType = sourcecode.swift; path = DYPrettyCollectionViewCell.swift; sourceTree = "<group>"; };
		04D800211DC1E64700DDBC75 /* DYPrettyCollectionViewCell.xib */ = {isa = PBXFileReference; fileEncoding = 4; lastKnownFileType = file.xib; path = DYPrettyCollectionViewCell.xib; sourceTree = "<group>"; };
		04D800251DC1F9C200DDBC75 /* DYNetWorksTools.swift */ = {isa = PBXFileReference; fileEncoding = 4; lastKnownFileType = sourcecode.swift; path = DYNetWorksTools.swift; sourceTree = "<group>"; };
		04D800281DC203E100DDBC75 /* DYRecommendViewModel.swift */ = {isa = PBXFileReference; fileEncoding = 4; lastKnownFileType = sourcecode.swift; path = DYRecommendViewModel.swift; sourceTree = "<group>"; };
		04FDC31F1DBCB5AD00BD4C39 /* DYPageContentView.swift */ = {isa = PBXFileReference; fileEncoding = 4; lastKnownFileType = sourcecode.swift; path = DYPageContentView.swift; sourceTree = "<group>"; };
		04FDC3211DBCBF9100BD4C39 /* UIColor-Extension.swift */ = {isa = PBXFileReference; fileEncoding = 4; lastKnownFileType = sourcecode.swift; path = "UIColor-Extension.swift"; sourceTree = "<group>"; };
		12522DA3747A1C940B88B731 /* Pods-DYZB.release.xcconfig */ = {isa = PBXFileReference; includeInIndex = 1; lastKnownFileType = text.xcconfig; name = "Pods-DYZB.release.xcconfig"; path = "Pods/Target Support Files/Pods-DYZB/Pods-DYZB.release.xcconfig"; sourceTree = "<group>"; };
		1C72586DD23D9CC354F44E47 /* Pods_DYZB.framework */ = {isa = PBXFileReference; explicitFileType = wrapper.framework; includeInIndex = 0; path = Pods_DYZB.framework; sourceTree = BUILT_PRODUCTS_DIR; };
		53C717714162E8967C1D8384 /* Pods-DYZB.debug.xcconfig */ = {isa = PBXFileReference; includeInIndex = 1; lastKnownFileType = text.xcconfig; name = "Pods-DYZB.debug.xcconfig"; path = "Pods/Target Support Files/Pods-DYZB/Pods-DYZB.debug.xcconfig"; sourceTree = "<group>"; };
		90DF58877018B220F79B9351 /* Pods_DYZBTests.framework */ = {isa = PBXFileReference; explicitFileType = wrapper.framework; includeInIndex = 0; path = Pods_DYZBTests.framework; sourceTree = BUILT_PRODUCTS_DIR; };
		A6934730006058B274FFE90B /* Pods_DYZBUITests.framework */ = {isa = PBXFileReference; explicitFileType = wrapper.framework; includeInIndex = 0; path = Pods_DYZBUITests.framework; sourceTree = BUILT_PRODUCTS_DIR; };
/* End PBXFileReference section */

/* Begin PBXFrameworksBuildPhase section */
		048625C61DB798B600596733 /* Frameworks */ = {
			isa = PBXFrameworksBuildPhase;
			buildActionMask = 2147483647;
			files = (
				AE5BD59C2B676E41D4D16DE5 /* Pods_DYZB.framework in Frameworks */,
			);
			runOnlyForDeploymentPostprocessing = 0;
		};
		048625DA1DB798B700596733 /* Frameworks */ = {
			isa = PBXFrameworksBuildPhase;
			buildActionMask = 2147483647;
			files = (
			);
			runOnlyForDeploymentPostprocessing = 0;
		};
		048625E51DB798B700596733 /* Frameworks */ = {
			isa = PBXFrameworksBuildPhase;
			buildActionMask = 2147483647;
			files = (
			);
			runOnlyForDeploymentPostprocessing = 0;
		};
/* End PBXFrameworksBuildPhase section */

/* Begin PBXGroup section */
		04465F371DB88FC400ECFF66 /* Classes */ = {
			isa = PBXGroup;
			children = (
				04465F471DB88FC400ECFF66 /* Main */,
				04465F381DB88FC400ECFF66 /* Follow */,
				04465F3D1DB88FC400ECFF66 /* Home */,
				04465F421DB88FC400ECFF66 /* Live */,
				04465F4C1DB88FC400ECFF66 /* Profile */,
				04465F511DB88FC400ECFF66 /* Tools */,
			);
			path = Classes;
			sourceTree = "<group>";
		};
		04465F381DB88FC400ECFF66 /* Follow */ = {
			isa = PBXGroup;
			children = (
				04465F391DB88FC400ECFF66 /* Controller */,
				04465F3A1DB88FC400ECFF66 /* Model */,
				04465F3B1DB88FC400ECFF66 /* View */,
				04465F3C1DB88FC400ECFF66 /* ViewModel */,
			);
			path = Follow;
			sourceTree = "<group>";
		};
		04465F391DB88FC400ECFF66 /* Controller */ = {
			isa = PBXGroup;
			children = (
				04465F591DB89E0000ECFF66 /* Follow.storyboard */,
			);
			path = Controller;
			sourceTree = "<group>";
		};
		04465F3A1DB88FC400ECFF66 /* Model */ = {
			isa = PBXGroup;
			children = (
			);
			path = Model;
			sourceTree = "<group>";
		};
		04465F3B1DB88FC400ECFF66 /* View */ = {
			isa = PBXGroup;
			children = (
			);
			path = View;
			sourceTree = "<group>";
		};
		04465F3C1DB88FC400ECFF66 /* ViewModel */ = {
			isa = PBXGroup;
			children = (
			);
			path = ViewModel;
			sourceTree = "<group>";
		};
		04465F3D1DB88FC400ECFF66 /* Home */ = {
			isa = PBXGroup;
			children = (
				04465F3F1DB88FC400ECFF66 /* Model */,
				04465F401DB88FC400ECFF66 /* View */,
				04465F3E1DB88FC400ECFF66 /* Controller */,
				04465F411DB88FC400ECFF66 /* ViewModel */,
			);
			path = Home;
			sourceTree = "<group>";
		};
		04465F3E1DB88FC400ECFF66 /* Controller */ = {
			isa = PBXGroup;
			children = (
				04465F531DB89CEC00ECFF66 /* Home.storyboard */,
				04465F611DB8B04000ECFF66 /* DYHomeViewController.swift */,
				0448DCD71DC0ECB000E6802B /* DYRecommendController.swift */,
			);
			path = Controller;
			sourceTree = "<group>";
		};
		04465F3F1DB88FC400ECFF66 /* Model */ = {
			isa = PBXGroup;
			children = (
				046831EF1DC5A767003E5D6E /* DYCycleItem.swift */,
			);
			path = Model;
			sourceTree = "<group>";
		};
		04465F401DB88FC400ECFF66 /* View */ = {
			isa = PBXGroup;
			children = (
				0448DCD91DC1070600E6802B /* DYHeaderCollectionReusableView.swift */,
				0448DCDA1DC1070600E6802B /* DYHeaderCollectionReusableView.xib */,
				046831E91DC59600003E5D6E /* DYRecommendCycleView.swift */,
				046831ED1DC59676003E5D6E /* DYRecommendCycleView.xib */,
				0417E9981DC5C71300ED375D /* DYCollectionCycleCell.swift */,
				0417E9991DC5C71300ED375D /* DYCollectionCycleCell.xib */,
				0417E99C1DC5D67700ED375D /* DYRecommendGameView.swift */,
				0417E99E1DC5D69700ED375D /* DYRecommendGameView.xib */,
			);
			path = View;
			sourceTree = "<group>";
		};
		04465F411DB88FC400ECFF66 /* ViewModel */ = {
			isa = PBXGroup;
			children = (
				04D800281DC203E100DDBC75 /* DYRecommendViewModel.swift */,
			);
			path = ViewModel;
			sourceTree = "<group>";
		};
		04465F421DB88FC400ECFF66 /* Live */ = {
			isa = PBXGroup;
			children = (
				04465F431DB88FC400ECFF66 /* Controller */,
				04465F441DB88FC400ECFF66 /* Model */,
				04465F451DB88FC400ECFF66 /* View */,
				04465F461DB88FC400ECFF66 /* ViewModel */,
			);
			path = Live;
			sourceTree = "<group>";
		};
		04465F431DB88FC400ECFF66 /* Controller */ = {
			isa = PBXGroup;
			children = (
				04465F561DB89DDB00ECFF66 /* Live.storyboard */,
			);
			path = Controller;
			sourceTree = "<group>";
		};
		04465F441DB88FC400ECFF66 /* Model */ = {
			isa = PBXGroup;
			children = (
			);
			path = Model;
			sourceTree = "<group>";
		};
		04465F451DB88FC400ECFF66 /* View */ = {
			isa = PBXGroup;
			children = (
			);
			path = View;
			sourceTree = "<group>";
		};
		04465F461DB88FC400ECFF66 /* ViewModel */ = {
			isa = PBXGroup;
			children = (
			);
			path = ViewModel;
			sourceTree = "<group>";
		};
		04465F471DB88FC400ECFF66 /* Main */ = {
			isa = PBXGroup;
			children = (
				04465F481DB88FC400ECFF66 /* Controller */,
				04465F491DB88FC400ECFF66 /* Model */,
				04465F4A1DB88FC400ECFF66 /* View */,
				04465F4B1DB88FC400ECFF66 /* ViewModel */,
			);
			path = Main;
			sourceTree = "<group>";
		};
		04465F481DB88FC400ECFF66 /* Controller */ = {
			isa = PBXGroup;
			children = (
				048625D01DB798B700596733 /* Main.storyboard */,
				04465F5F1DB8A14300ECFF66 /* DYMainViewController.swift */,
			);
			path = Controller;
			sourceTree = "<group>";
		};
		04465F491DB88FC400ECFF66 /* Model */ = {
			isa = PBXGroup;
			children = (
				046831E31DC4A632003E5D6E /* DYAnchorGroupItem.swift */,
				046831E51DC4AD6E003E5D6E /* DYAnchorItem.swift */,
			);
			path = Model;
			sourceTree = "<group>";
		};
		04465F4A1DB88FC400ECFF66 /* View */ = {
			isa = PBXGroup;
			children = (
				04A97C211DB8EBFD00087920 /* DYPageTitleView.swift */,
				04FDC31F1DBCB5AD00BD4C39 /* DYPageContentView.swift */,
				04D8001C1DC1DC3F00DDBC75 /* DYNormalCollectionViewCell.swift */,
				04D8001D1DC1DC4000DDBC75 /* DYNormalCollectionViewCell.xib */,
				04D800201DC1E64700DDBC75 /* DYPrettyCollectionViewCell.swift */,
				04D800211DC1E64700DDBC75 /* DYPrettyCollectionViewCell.xib */,
			);
			path = View;
			sourceTree = "<group>";
		};
		04465F4B1DB88FC400ECFF66 /* ViewModel */ = {
			isa = PBXGroup;
			children = (
			);
			path = ViewModel;
			sourceTree = "<group>";
		};
		04465F4C1DB88FC400ECFF66 /* Profile */ = {
			isa = PBXGroup;
			children = (
				04465F4D1DB88FC400ECFF66 /* Controller */,
				04465F4E1DB88FC400ECFF66 /* Model */,
				04465F4F1DB88FC400ECFF66 /* View */,
				04465F501DB88FC400ECFF66 /* ViewModel */,
			);
			path = Profile;
			sourceTree = "<group>";
		};
		04465F4D1DB88FC400ECFF66 /* Controller */ = {
			isa = PBXGroup;
			children = (
				04465F5C1DB89E2000ECFF66 /* Profile.storyboard */,
			);
			path = Controller;
			sourceTree = "<group>";
		};
		04465F4E1DB88FC400ECFF66 /* Model */ = {
			isa = PBXGroup;
			children = (
			);
			path = Model;
			sourceTree = "<group>";
		};
		04465F4F1DB88FC400ECFF66 /* View */ = {
			isa = PBXGroup;
			children = (
			);
			path = View;
			sourceTree = "<group>";
		};
		04465F501DB88FC400ECFF66 /* ViewModel */ = {
			isa = PBXGroup;
			children = (
			);
			path = ViewModel;
			sourceTree = "<group>";
		};
		04465F511DB88FC400ECFF66 /* Tools */ = {
			isa = PBXGroup;
			children = (
				04465F521DB88FC400ECFF66 /* Extension */,
				04A97C231DB8F58300087920 /* Common.swift */,
				04D800251DC1F9C200DDBC75 /* DYNetWorksTools.swift */,
			);
			path = Tools;
			sourceTree = "<group>";
		};
		04465F521DB88FC400ECFF66 /* Extension */ = {
			isa = PBXGroup;
			children = (
				04465F671DB8C04600ECFF66 /* UIBarButtonItem-Extension.swift */,
				04FDC3211DBCBF9100BD4C39 /* UIColor-Extension.swift */,
				046831E11DC49172003E5D6E /* NSDate-Extension.swift */,
			);
			path = Extension;
			sourceTree = "<group>";
		};
		048625C01DB798B600596733 = {
			isa = PBXGroup;
			children = (
				048625CB1DB798B600596733 /* DYZB */,
				048625E01DB798B700596733 /* DYZBTests */,
				048625EB1DB798B700596733 /* DYZBUITests */,
				048625CA1DB798B600596733 /* Products */,
				A70508E2E12839E547A55C8F /* Pods */,
				79C8D3EA2B594342D88593F8 /* Frameworks */,
			);
			sourceTree = "<group>";
		};
		048625CA1DB798B600596733 /* Products */ = {
			isa = PBXGroup;
			children = (
				048625C91DB798B600596733 /* DYZB.app */,
				048625DD1DB798B700596733 /* DYZBTests.xctest */,
				048625E81DB798B700596733 /* DYZBUITests.xctest */,
			);
			name = Products;
			sourceTree = "<group>";
		};
		048625CB1DB798B600596733 /* DYZB */ = {
			isa = PBXGroup;
			children = (
				048625CC1DB798B600596733 /* AppDelegate.swift */,
				04465F371DB88FC400ECFF66 /* Classes */,
				048625D31DB798B700596733 /* Assets.xcassets */,
				048625D51DB798B700596733 /* LaunchScreen.storyboard */,
				048625D81DB798B700596733 /* Info.plist */,
			);
			path = DYZB;
			sourceTree = "<group>";
		};
		048625E01DB798B700596733 /* DYZBTests */ = {
			isa = PBXGroup;
			children = (
				048625E11DB798B700596733 /* DYZBTests.swift */,
				048625E31DB798B700596733 /* Info.plist */,
			);
			path = DYZBTests;
			sourceTree = "<group>";
		};
		048625EB1DB798B700596733 /* DYZBUITests */ = {
			isa = PBXGroup;
			children = (
				048625EC1DB798B700596733 /* DYZBUITests.swift */,
				048625EE1DB798B700596733 /* Info.plist */,
			);
			path = DYZBUITests;
			sourceTree = "<group>";
		};
		79C8D3EA2B594342D88593F8 /* Frameworks */ = {
			isa = PBXGroup;
			children = (
				1C72586DD23D9CC354F44E47 /* Pods_DYZB.framework */,
				90DF58877018B220F79B9351 /* Pods_DYZBTests.framework */,
				A6934730006058B274FFE90B /* Pods_DYZBUITests.framework */,
			);
			name = Frameworks;
			sourceTree = "<group>";
		};
		A70508E2E12839E547A55C8F /* Pods */ = {
			isa = PBXGroup;
			children = (
				53C717714162E8967C1D8384 /* Pods-DYZB.debug.xcconfig */,
				12522DA3747A1C940B88B731 /* Pods-DYZB.release.xcconfig */,
			);
			name = Pods;
			sourceTree = "<group>";
		};
/* End PBXGroup section */

/* Begin PBXNativeTarget section */
		048625C81DB798B600596733 /* DYZB */ = {
			isa = PBXNativeTarget;
			buildConfigurationList = 048625F11DB798B700596733 /* Build configuration list for PBXNativeTarget "DYZB" */;
			buildPhases = (
				ADE1D556D7AB475DBA8A58AE /* [CP] Check Pods Manifest.lock */,
				048625C51DB798B600596733 /* Sources */,
				048625C61DB798B600596733 /* Frameworks */,
				048625C71DB798B600596733 /* Resources */,
				A83EAA5685926BE4223B4BAF /* [CP] Embed Pods Frameworks */,
				FB8BE7C085F087851AC5CAAF /* [CP] Copy Pods Resources */,
			);
			buildRules = (
			);
			dependencies = (
			);
			name = DYZB;
			productName = DYZB;
			productReference = 048625C91DB798B600596733 /* DYZB.app */;
			productType = "com.apple.product-type.application";
		};
		048625DC1DB798B700596733 /* DYZBTests */ = {
			isa = PBXNativeTarget;
			buildConfigurationList = 048625F41DB798B700596733 /* Build configuration list for PBXNativeTarget "DYZBTests" */;
			buildPhases = (
				048625D91DB798B700596733 /* Sources */,
				048625DA1DB798B700596733 /* Frameworks */,
				048625DB1DB798B700596733 /* Resources */,
			);
			buildRules = (
			);
			dependencies = (
				048625DF1DB798B700596733 /* PBXTargetDependency */,
			);
			name = DYZBTests;
			productName = DYZBTests;
			productReference = 048625DD1DB798B700596733 /* DYZBTests.xctest */;
			productType = "com.apple.product-type.bundle.unit-test";
		};
		048625E71DB798B700596733 /* DYZBUITests */ = {
			isa = PBXNativeTarget;
			buildConfigurationList = 048625F71DB798B700596733 /* Build configuration list for PBXNativeTarget "DYZBUITests" */;
			buildPhases = (
				048625E41DB798B700596733 /* Sources */,
				048625E51DB798B700596733 /* Frameworks */,
				048625E61DB798B700596733 /* Resources */,
			);
			buildRules = (
			);
			dependencies = (
				048625EA1DB798B700596733 /* PBXTargetDependency */,
			);
			name = DYZBUITests;
			productName = DYZBUITests;
			productReference = 048625E81DB798B700596733 /* DYZBUITests.xctest */;
			productType = "com.apple.product-type.bundle.ui-testing";
		};
/* End PBXNativeTarget section */

/* Begin PBXProject section */
		048625C11DB798B600596733 /* Project object */ = {
			isa = PBXProject;
			attributes = {
				CLASSPREFIX = DY;
				LastSwiftUpdateCheck = 0800;
				LastUpgradeCheck = 0800;
				ORGANIZATIONNAME = shifei;
				TargetAttributes = {
					048625C81DB798B600596733 = {
						CreatedOnToolsVersion = 8.0;
						ProvisioningStyle = Automatic;
					};
					048625DC1DB798B700596733 = {
						CreatedOnToolsVersion = 8.0;
						ProvisioningStyle = Automatic;
						TestTargetID = 048625C81DB798B600596733;
					};
					048625E71DB798B700596733 = {
						CreatedOnToolsVersion = 8.0;
						ProvisioningStyle = Automatic;
						TestTargetID = 048625C81DB798B600596733;
					};
				};
			};
			buildConfigurationList = 048625C41DB798B600596733 /* Build configuration list for PBXProject "DYZB" */;
			compatibilityVersion = "Xcode 3.2";
			developmentRegion = English;
			hasScannedForEncodings = 0;
			knownRegions = (
				en,
				Base,
			);
			mainGroup = 048625C01DB798B600596733;
			productRefGroup = 048625CA1DB798B600596733 /* Products */;
			projectDirPath = "";
			projectRoot = "";
			targets = (
				048625C81DB798B600596733 /* DYZB */,
				048625DC1DB798B700596733 /* DYZBTests */,
				048625E71DB798B700596733 /* DYZBUITests */,
			);
		};
/* End PBXProject section */

/* Begin PBXResourcesBuildPhase section */
		048625C71DB798B600596733 /* Resources */ = {
			isa = PBXResourcesBuildPhase;
			buildActionMask = 2147483647;
			files = (
				048625D71DB798B700596733 /* LaunchScreen.storyboard in Resources */,
				048625D41DB798B700596733 /* Assets.xcassets in Resources */,
				048625D21DB798B700596733 /* Main.storyboard in Resources */,
				04465F581DB89DDB00ECFF66 /* Live.storyboard in Resources */,
				04465F551DB89CEC00ECFF66 /* Home.storyboard in Resources */,
				04D800231DC1E64700DDBC75 /* DYPrettyCollectionViewCell.xib in Resources */,
				04D8001F1DC1DC4000DDBC75 /* DYNormalCollectionViewCell.xib in Resources */,
				0417E99F1DC5D69700ED375D /* DYRecommendGameView.xib in Resources */,
				0417E99B1DC5C71400ED375D /* DYCollectionCycleCell.xib in Resources */,
				04465F5E1DB89E2000ECFF66 /* Profile.storyboard in Resources */,
				04465F5B1DB89E0000ECFF66 /* Follow.storyboard in Resources */,
				0448DCDC1DC1070700E6802B /* DYHeaderCollectionReusableView.xib in Resources */,
				046831EE1DC59676003E5D6E /* DYRecommendCycleView.xib in Resources */,
			);
			runOnlyForDeploymentPostprocessing = 0;
		};
		048625DB1DB798B700596733 /* Resources */ = {
			isa = PBXResourcesBuildPhase;
			buildActionMask = 2147483647;
			files = (
			);
			runOnlyForDeploymentPostprocessing = 0;
		};
		048625E61DB798B700596733 /* Resources */ = {
			isa = PBXResourcesBuildPhase;
			buildActionMask = 2147483647;
			files = (
			);
			runOnlyForDeploymentPostprocessing = 0;
		};
/* End PBXResourcesBuildPhase section */

/* Begin PBXShellScriptBuildPhase section */
		A83EAA5685926BE4223B4BAF /* [CP] Embed Pods Frameworks */ = {
			isa = PBXShellScriptBuildPhase;
			buildActionMask = 2147483647;
			files = (
			);
			inputPaths = (
			);
			name = "[CP] Embed Pods Frameworks";
			outputPaths = (
			);
			runOnlyForDeploymentPostprocessing = 0;
			shellPath = /bin/sh;
			shellScript = "\"${SRCROOT}/Pods/Target Support Files/Pods-DYZB/Pods-DYZB-frameworks.sh\"\n";
			showEnvVarsInLog = 0;
		};
		ADE1D556D7AB475DBA8A58AE /* [CP] Check Pods Manifest.lock */ = {
			isa = PBXShellScriptBuildPhase;
			buildActionMask = 2147483647;
			files = (
			);
			inputPaths = (
			);
			name = "[CP] Check Pods Manifest.lock";
			outputPaths = (
			);
			runOnlyForDeploymentPostprocessing = 0;
			shellPath = /bin/sh;
			shellScript = "diff \"${PODS_ROOT}/../Podfile.lock\" \"${PODS_ROOT}/Manifest.lock\" > /dev/null\nif [ $? != 0 ] ; then\n    # print error to STDERR\n    echo \"error: The sandbox is not in sync with the Podfile.lock. Run 'pod install' or update your CocoaPods installation.\" >&2\n    exit 1\nfi\n";
			showEnvVarsInLog = 0;
		};
		FB8BE7C085F087851AC5CAAF /* [CP] Copy Pods Resources */ = {
			isa = PBXShellScriptBuildPhase;
			buildActionMask = 2147483647;
			files = (
			);
			inputPaths = (
			);
			name = "[CP] Copy Pods Resources";
			outputPaths = (
			);
			runOnlyForDeploymentPostprocessing = 0;
			shellPath = /bin/sh;
			shellScript = "\"${SRCROOT}/Pods/Target Support Files/Pods-DYZB/Pods-DYZB-resources.sh\"\n";
			showEnvVarsInLog = 0;
		};
/* End PBXShellScriptBuildPhase section */

/* Begin PBXSourcesBuildPhase section */
		048625C51DB798B600596733 /* Sources */ = {
			isa = PBXSourcesBuildPhase;
			buildActionMask = 2147483647;
			files = (
				04465F601DB8A14300ECFF66 /* DYMainViewController.swift in Sources */,
				046831EA1DC59600003E5D6E /* DYRecommendCycleView.swift in Sources */,
				04FDC3221DBCBF9100BD4C39 /* UIColor-Extension.swift in Sources */,
				04D8001E1DC1DC4000DDBC75 /* DYNormalCollectionViewCell.swift in Sources */,
				048625CD1DB798B600596733 /* AppDelegate.swift in Sources */,
				04465F681DB8C04600ECFF66 /* UIBarButtonItem-Extension.swift in Sources */,
				04FDC3201DBCB5AE00BD4C39 /* DYPageContentView.swift in Sources */,
				046831E41DC4A633003E5D6E /* DYAnchorGroupItem.swift in Sources */,
				04D800221DC1E64700DDBC75 /* DYPrettyCollectionViewCell.swift in Sources */,
				0448DCDB1DC1070700E6802B /* DYHeaderCollectionReusableView.swift in Sources */,
				04D800291DC203E100DDBC75 /* DYRecommendViewModel.swift in Sources */,
				04D800261DC1F9C200DDBC75 /* DYNetWorksTools.swift in Sources */,
				046831E21DC49172003E5D6E /* NSDate-Extension.swift in Sources */,
				04A97C221DB8EBFD00087920 /* DYPageTitleView.swift in Sources */,
				0448DCD81DC0ECB000E6802B /* DYRecommendController.swift in Sources */,
				0417E99A1DC5C71300ED375D /* DYCollectionCycleCell.swift in Sources */,
				04A97C241DB8F58300087920 /* Common.swift in Sources */,
				046831E61DC4AD6E003E5D6E /* DYAnchorItem.swift in Sources */,
				046831F01DC5A767003E5D6E /* DYCycleItem.swift in Sources */,
				04465F621DB8B04000ECFF66 /* DYHomeViewController.swift in Sources */,
				0417E99D1DC5D67700ED375D /* DYRecommendGameView.swift in Sources */,
			);
			runOnlyForDeploymentPostprocessing = 0;
		};
		048625D91DB798B700596733 /* Sources */ = {
			isa = PBXSourcesBuildPhase;
			buildActionMask = 2147483647;
			files = (
				048625E21DB798B700596733 /* DYZBTests.swift in Sources */,
			);
			runOnlyForDeploymentPostprocessing = 0;
		};
		048625E41DB798B700596733 /* Sources */ = {
			isa = PBXSourcesBuildPhase;
			buildActionMask = 2147483647;
			files = (
				048625ED1DB798B700596733 /* DYZBUITests.swift in Sources */,
			);
			runOnlyForDeploymentPostprocessing = 0;
		};
/* End PBXSourcesBuildPhase section */

/* Begin PBXTargetDependency section */
		048625DF1DB798B700596733 /* PBXTargetDependency */ = {
			isa = PBXTargetDependency;
			target = 048625C81DB798B600596733 /* DYZB */;
			targetProxy = 048625DE1DB798B700596733 /* PBXContainerItemProxy */;
		};
		048625EA1DB798B700596733 /* PBXTargetDependency */ = {
			isa = PBXTargetDependency;
			target = 048625C81DB798B600596733 /* DYZB */;
			targetProxy = 048625E91DB798B700596733 /* PBXContainerItemProxy */;
		};
/* End PBXTargetDependency section */

/* Begin PBXVariantGroup section */
		04465F531DB89CEC00ECFF66 /* Home.storyboard */ = {
			isa = PBXVariantGroup;
			children = (
				04465F541DB89CEC00ECFF66 /* Base */,
			);
			name = Home.storyboard;
			path = ../../Main/Controller;
			sourceTree = "<group>";
		};
		04465F561DB89DDB00ECFF66 /* Live.storyboard */ = {
			isa = PBXVariantGroup;
			children = (
				04465F571DB89DDB00ECFF66 /* Base */,
			);
			name = Live.storyboard;
			path = ../../Main/Controller;
			sourceTree = "<group>";
		};
		04465F591DB89E0000ECFF66 /* Follow.storyboard */ = {
			isa = PBXVariantGroup;
			children = (
				04465F5A1DB89E0000ECFF66 /* Base */,
			);
			name = Follow.storyboard;
			path = ../../Main/Controller;
			sourceTree = "<group>";
		};
		04465F5C1DB89E2000ECFF66 /* Profile.storyboard */ = {
			isa = PBXVariantGroup;
			children = (
				04465F5D1DB89E2000ECFF66 /* Base */,
			);
			name = Profile.storyboard;
			path = ../../Main/Controller;
			sourceTree = "<group>";
		};
		048625D01DB798B700596733 /* Main.storyboard */ = {
			isa = PBXVariantGroup;
			children = (
				048625D11DB798B700596733 /* Base */,
			);
			name = Main.storyboard;
			path = ../../..;
			sourceTree = "<group>";
		};
		048625D51DB798B700596733 /* LaunchScreen.storyboard */ = {
			isa = PBXVariantGroup;
			children = (
				048625D61DB798B700596733 /* Base */,
			);
			name = LaunchScreen.storyboard;
			sourceTree = "<group>";
		};
/* End PBXVariantGroup section */

/* Begin XCBuildConfiguration section */
		048625EF1DB798B700596733 /* Debug */ = {
			isa = XCBuildConfiguration;
			buildSettings = {
				ALWAYS_SEARCH_USER_PATHS = NO;
				CLANG_ANALYZER_NONNULL = YES;
				CLANG_CXX_LANGUAGE_STANDARD = "gnu++0x";
				CLANG_CXX_LIBRARY = "libc++";
				CLANG_ENABLE_MODULES = YES;
				CLANG_ENABLE_OBJC_ARC = YES;
				CLANG_WARN_BOOL_CONVERSION = YES;
				CLANG_WARN_CONSTANT_CONVERSION = YES;
				CLANG_WARN_DIRECT_OBJC_ISA_USAGE = YES_ERROR;
				CLANG_WARN_DOCUMENTATION_COMMENTS = YES;
				CLANG_WARN_EMPTY_BODY = YES;
				CLANG_WARN_ENUM_CONVERSION = YES;
				CLANG_WARN_INFINITE_RECURSION = YES;
				CLANG_WARN_INT_CONVERSION = YES;
				CLANG_WARN_OBJC_ROOT_CLASS = YES_ERROR;
				CLANG_WARN_SUSPICIOUS_MOVES = YES;
				CLANG_WARN_UNREACHABLE_CODE = YES;
				CLANG_WARN__DUPLICATE_METHOD_MATCH = YES;
				"CODE_SIGN_IDENTITY[sdk=iphoneos*]" = "iPhone Developer";
				COPY_PHASE_STRIP = NO;
				DEBUG_INFORMATION_FORMAT = dwarf;
				ENABLE_STRICT_OBJC_MSGSEND = YES;
				ENABLE_TESTABILITY = YES;
				GCC_C_LANGUAGE_STANDARD = gnu99;
				GCC_DYNAMIC_NO_PIC = NO;
				GCC_NO_COMMON_BLOCKS = YES;
				GCC_OPTIMIZATION_LEVEL = 0;
				GCC_PREPROCESSOR_DEFINITIONS = (
					"DEBUG=1",
					"$(inherited)",
				);
				GCC_WARN_64_TO_32_BIT_CONVERSION = YES;
				GCC_WARN_ABOUT_RETURN_TYPE = YES_ERROR;
				GCC_WARN_UNDECLARED_SELECTOR = YES;
				GCC_WARN_UNINITIALIZED_AUTOS = YES_AGGRESSIVE;
				GCC_WARN_UNUSED_FUNCTION = YES;
				GCC_WARN_UNUSED_VARIABLE = YES;
				IPHONEOS_DEPLOYMENT_TARGET = 10.0;
				MTL_ENABLE_DEBUG_INFO = YES;
				ONLY_ACTIVE_ARCH = YES;
				SDKROOT = iphoneos;
				SWIFT_ACTIVE_COMPILATION_CONDITIONS = DEBUG;
				SWIFT_OPTIMIZATION_LEVEL = "-Onone";
			};
			name = Debug;
		};
		048625F01DB798B700596733 /* Release */ = {
			isa = XCBuildConfiguration;
			buildSettings = {
				ALWAYS_SEARCH_USER_PATHS = NO;
				CLANG_ANALYZER_NONNULL = YES;
				CLANG_CXX_LANGUAGE_STANDARD = "gnu++0x";
				CLANG_CXX_LIBRARY = "libc++";
				CLANG_ENABLE_MODULES = YES;
				CLANG_ENABLE_OBJC_ARC = YES;
				CLANG_WARN_BOOL_CONVERSION = YES;
				CLANG_WARN_CONSTANT_CONVERSION = YES;
				CLANG_WARN_DIRECT_OBJC_ISA_USAGE = YES_ERROR;
				CLANG_WARN_DOCUMENTATION_COMMENTS = YES;
				CLANG_WARN_EMPTY_BODY = YES;
				CLANG_WARN_ENUM_CONVERSION = YES;
				CLANG_WARN_INFINITE_RECURSION = YES;
				CLANG_WARN_INT_CONVERSION = YES;
				CLANG_WARN_OBJC_ROOT_CLASS = YES_ERROR;
				CLANG_WARN_SUSPICIOUS_MOVES = YES;
				CLANG_WARN_UNREACHABLE_CODE = YES;
				CLANG_WARN__DUPLICATE_METHOD_MATCH = YES;
				"CODE_SIGN_IDENTITY[sdk=iphoneos*]" = "iPhone Developer";
				COPY_PHASE_STRIP = NO;
				DEBUG_INFORMATION_FORMAT = "dwarf-with-dsym";
				ENABLE_NS_ASSERTIONS = NO;
				ENABLE_STRICT_OBJC_MSGSEND = YES;
				GCC_C_LANGUAGE_STANDARD = gnu99;
				GCC_NO_COMMON_BLOCKS = YES;
				GCC_WARN_64_TO_32_BIT_CONVERSION = YES;
				GCC_WARN_ABOUT_RETURN_TYPE = YES_ERROR;
				GCC_WARN_UNDECLARED_SELECTOR = YES;
				GCC_WARN_UNINITIALIZED_AUTOS = YES_AGGRESSIVE;
				GCC_WARN_UNUSED_FUNCTION = YES;
				GCC_WARN_UNUSED_VARIABLE = YES;
				IPHONEOS_DEPLOYMENT_TARGET = 10.0;
				MTL_ENABLE_DEBUG_INFO = NO;
				SDKROOT = iphoneos;
				SWIFT_OPTIMIZATION_LEVEL = "-Owholemodule";
				VALIDATE_PRODUCT = YES;
			};
			name = Release;
		};
		048625F21DB798B700596733 /* Debug */ = {
			isa = XCBuildConfiguration;
			baseConfigurationReference = 53C717714162E8967C1D8384 /* Pods-DYZB.debug.xcconfig */;
			buildSettings = {
				ASSETCATALOG_COMPILER_APPICON_NAME = AppIcon;
				ASSETCATALOG_COMPILER_LAUNCHIMAGE_NAME = "Brand Assets";
				INFOPLIST_FILE = DYZB/Info.plist;
				IPHONEOS_DEPLOYMENT_TARGET = 9.0;
				LD_RUNPATH_SEARCH_PATHS = "$(inherited) @executable_path/Frameworks";
				PRODUCT_BUNDLE_IDENTIFIER = com.xunji.DYZB;
				PRODUCT_NAME = "$(TARGET_NAME)";
				SWIFT_VERSION = 3.0;
			};
			name = Debug;
		};
		048625F31DB798B700596733 /* Release */ = {
			isa = XCBuildConfiguration;
			baseConfigurationReference = 12522DA3747A1C940B88B731 /* Pods-DYZB.release.xcconfig */;
			buildSettings = {
				ASSETCATALOG_COMPILER_APPICON_NAME = AppIcon;
				ASSETCATALOG_COMPILER_LAUNCHIMAGE_NAME = "Brand Assets";
				INFOPLIST_FILE = DYZB/Info.plist;
				IPHONEOS_DEPLOYMENT_TARGET = 9.0;
				LD_RUNPATH_SEARCH_PATHS = "$(inherited) @executable_path/Frameworks";
				PRODUCT_BUNDLE_IDENTIFIER = com.xunji.DYZB;
				PRODUCT_NAME = "$(TARGET_NAME)";
				SWIFT_VERSION = 3.0;
			};
			name = Release;
		};
		048625F51DB798B700596733 /* Debug */ = {
			isa = XCBuildConfiguration;
			buildSettings = {
				ALWAYS_EMBED_SWIFT_STANDARD_LIBRARIES = YES;
				BUNDLE_LOADER = "$(TEST_HOST)";
				INFOPLIST_FILE = DYZBTests/Info.plist;
				LD_RUNPATH_SEARCH_PATHS = "$(inherited) @executable_path/Frameworks @loader_path/Frameworks";
				PRODUCT_BUNDLE_IDENTIFIER = com.xunji.DYZBTests;
				PRODUCT_NAME = "$(TARGET_NAME)";
				SWIFT_VERSION = 3.0;
				TEST_HOST = "$(BUILT_PRODUCTS_DIR)/DYZB.app/DYZB";
			};
			name = Debug;
		};
		048625F61DB798B700596733 /* Release */ = {
			isa = XCBuildConfiguration;
			buildSettings = {
				ALWAYS_EMBED_SWIFT_STANDARD_LIBRARIES = YES;
				BUNDLE_LOADER = "$(TEST_HOST)";
				INFOPLIST_FILE = DYZBTests/Info.plist;
				LD_RUNPATH_SEARCH_PATHS = "$(inherited) @executable_path/Frameworks @loader_path/Frameworks";
				PRODUCT_BUNDLE_IDENTIFIER = com.xunji.DYZBTests;
				PRODUCT_NAME = "$(TARGET_NAME)";
				SWIFT_VERSION = 3.0;
				TEST_HOST = "$(BUILT_PRODUCTS_DIR)/DYZB.app/DYZB";
			};
			name = Release;
		};
		048625F81DB798B700596733 /* Debug */ = {
			isa = XCBuildConfiguration;
			buildSettings = {
				ALWAYS_EMBED_SWIFT_STANDARD_LIBRARIES = YES;
				INFOPLIST_FILE = DYZBUITests/Info.plist;
				LD_RUNPATH_SEARCH_PATHS = "$(inherited) @executable_path/Frameworks @loader_path/Frameworks";
				PRODUCT_BUNDLE_IDENTIFIER = com.xunji.DYZBUITests;
				PRODUCT_NAME = "$(TARGET_NAME)";
				SWIFT_VERSION = 3.0;
				TEST_TARGET_NAME = DYZB;
			};
			name = Debug;
		};
		048625F91DB798B700596733 /* Release */ = {
			isa = XCBuildConfiguration;
			buildSettings = {
				ALWAYS_EMBED_SWIFT_STANDARD_LIBRARIES = YES;
				INFOPLIST_FILE = DYZBUITests/Info.plist;
				LD_RUNPATH_SEARCH_PATHS = "$(inherited) @executable_path/Frameworks @loader_path/Frameworks";
				PRODUCT_BUNDLE_IDENTIFIER = com.xunji.DYZBUITests;
				PRODUCT_NAME = "$(TARGET_NAME)";
				SWIFT_VERSION = 3.0;
				TEST_TARGET_NAME = DYZB;
			};
			name = Release;
		};
/* End XCBuildConfiguration section */

/* Begin XCConfigurationList section */
		048625C41DB798B600596733 /* Build configuration list for PBXProject "DYZB" */ = {
			isa = XCConfigurationList;
			buildConfigurations = (
				048625EF1DB798B700596733 /* Debug */,
				048625F01DB798B700596733 /* Release */,
			);
			defaultConfigurationIsVisible = 0;
			defaultConfigurationName = Release;
		};
		048625F11DB798B700596733 /* Build configuration list for PBXNativeTarget "DYZB" */ = {
			isa = XCConfigurationList;
			buildConfigurations = (
				048625F21DB798B700596733 /* Debug */,
				048625F31DB798B700596733 /* Release */,
			);
			defaultConfigurationIsVisible = 0;
			defaultConfigurationName = Release;
		};
		048625F41DB798B700596733 /* Build configuration list for PBXNativeTarget "DYZBTests" */ = {
			isa = XCConfigurationList;
			buildConfigurations = (
				048625F51DB798B700596733 /* Debug */,
				048625F61DB798B700596733 /* Release */,
			);
			defaultConfigurationIsVisible = 0;
			defaultConfigurationName = Release;
		};
		048625F71DB798B700596733 /* Build configuration list for PBXNativeTarget "DYZBUITests" */ = {
			isa = XCConfigurationList;
			buildConfigurations = (
				048625F81DB798B700596733 /* Debug */,
				048625F91DB798B700596733 /* Release */,
			);
			defaultConfigurationIsVisible = 0;
			defaultConfigurationName = Release;
		};
/* End XCConfigurationList section */
	};
	rootObject = 048625C11DB798B600596733 /* Project object */;
}
